{
  "lockfile_version": "1",
  "packages": {
    "nodejs_21@latest": {
      "last_modified": "2024-04-19T21:36:04Z",
      "plugin_version": "0.0.2",
      "resolved": "github:NixOS/nixpkgs/92d295f588631b0db2da509f381b4fb1e74173c5#nodejs_21",
      "source": "devbox-search",
      "version": "21.7.3",
      "systems": {
        "aarch64-darwin": {
          "outputs": [
            {
              "name": "out",
              "path": "/nix/store/hxr5ziwxn72wxcrhxasdy542h6z0r9hg-nodejs-21.7.3",
              "default": true
            },
            {
              "name": "libv8",
              "path": "/nix/store/y6xj0m2n7mlzgx5mc62m0lb4h02dzklr-nodejs-21.7.3-libv8"
            }
          ],
          "store_path": "/nix/store/hxr5ziwxn72wxcrhxasdy542h6z0r9hg-nodejs-21.7.3"
        },
        "aarch64-linux": {
          "outputs": [
            {
              "name": "out",
              "path": "/nix/store/xfddvy0bfzc78yipmyx81irjqfpkm1d0-nodejs-21.7.3",
              "default": true
            },
            {
              "name": "libv8",
              "path": "/nix/store/vjr64cmj37yglbzjz6hrwqa4z6hw2mz2-nodejs-21.7.3-libv8"
            }
          ],
          "store_path": "/nix/store/xfddvy0bfzc78yipmyx81irjqfpkm1d0-nodejs-21.7.3"
        },
        "x86_64-darwin": {
          "outputs": [
            {
              "name": "out",
              "path": "/nix/store/pnrd7gl28dmy86pprrpifq7qny3sx1xp-nodejs-21.7.3",
              "default": true
            },
            {
              "name": "libv8",
              "path": "/nix/store/wnzqqc8ik64a6zn4k4bbcgzvi8dp8vnb-nodejs-21.7.3-libv8"
            }
          ],
          "store_path": "/nix/store/pnrd7gl28dmy86pprrpifq7qny3sx1xp-nodejs-21.7.3"
        },
        "x86_64-linux": {
          "outputs": [
            {
              "name": "out",
              "path": "/nix/store/dfs59hwhc4mb4hdk77nc5dd39k2v2qs2-nodejs-21.7.3",
              "default": true
            },
            {
              "name": "libv8",
              "path": "/nix/store/iq38acw88hl92vpwamfkzgk3pk3dsr0x-nodejs-21.7.3-libv8"
            }
          ],
          "store_path": "/nix/store/dfs59hwhc4mb4hdk77nc5dd39k2v2qs2-nodejs-21.7.3"
        }
      }
    },
    "python3@latest": {
      "last_modified": "2024-05-03T15:42:32Z",
      "plugin_version": "0.0.3",
      "resolved": "github:NixOS/nixpkgs/5fd8536a9a5932d4ae8de52b7dc08d92041237fc#python3",
      "source": "devbox-search",
      "version": "3.11.9",
      "systems": {
        "aarch64-darwin": {
          "outputs": [
            {
              "name": "out",
              "path": "/nix/store/mqdc5233rdz150n1crdyl2cirpa7b6qg-python3-3.11.9",
              "default": true
            }
          ],
          "store_path": "/nix/store/mqdc5233rdz150n1crdyl2cirpa7b6qg-python3-3.11.9"
        },
        "aarch64-linux": {
          "outputs": [
            {
              "name": "out",
              "path": "/nix/store/33752yykc8r75jxvpcvpcynm22il4ch7-python3-3.11.9",
              "default": true
            },
            {
              "name": "debug",
              "path": "/nix/store/l04x2jid4yayc83lr276n10vanlslv4f-python3-3.11.9-debug"
            }
          ],
          "store_path": "/nix/store/33752yykc8r75jxvpcvpcynm22il4ch7-python3-3.11.9"
        },
        "x86_64-darwin": {
          "outputs": [
            {
              "name": "out",
              "path": "/nix/store/5qpssbvkzfh73xih07xgmpkj5r565975-python3-3.11.9",
              "default": true
            }
          ],
          "store_path": "/nix/store/5qpssbvkzfh73xih07xgmpkj5r565975-python3-3.11.9"
        },
        "x86_64-linux": {
          "outputs": [
            {
              "name": "out",
              "path": "/nix/store/lpi16513bai8kg2bd841745vzk72475x-python3-3.11.9",
              "default": true
            },
            {
              "name": "debug",
              "path": "/nix/store/lxp2rs8fx17gwqql18bgqfd3nqhv6ywm-python3-3.11.9-debug"
            }
          ],
          "store_path": "/nix/store/lpi16513bai8kg2bd841745vzk72475x-python3-3.11.9"
        }
      }
    }
  }
}
